// !$*UTF8*$!
{
	archiveVersion = 1;
	classes = {
	};
	objectVersion = 55;
	objects = {

/* Begin PBXBuildFile section */
		2A7A3730285193BB0099E945 /* MapViewController.swift in Sources */ = {isa = PBXBuildFile; fileRef = 2A7A372F285193BB0099E945 /* MapViewController.swift */; };
		2A7CF7FF28569E35004AC761 /* AddPinViewController.swift in Sources */ = {isa = PBXBuildFile; fileRef = 2A7CF7FE28569E35004AC761 /* AddPinViewController.swift */; };
		2A7CF80128582952004AC761 /* ConfirmViewController.swift in Sources */ = {isa = PBXBuildFile; fileRef = 2A7CF80028582952004AC761 /* ConfirmViewController.swift */; };
		2A7CF80528593BE7004AC761 /* PostStudentLocationResponse.swift in Sources */ = {isa = PBXBuildFile; fileRef = 2A7CF80428593BE7004AC761 /* PostStudentLocationResponse.swift */; };
		2A7CF80728593D96004AC761 /* PostStudentLocationRequest.swift in Sources */ = {isa = PBXBuildFile; fileRef = 2A7CF80628593D96004AC761 /* PostStudentLocationRequest.swift */; };
		2A7CF80928594633004AC761 /* UserDataResponse.swift in Sources */ = {isa = PBXBuildFile; fileRef = 2A7CF80828594633004AC761 /* UserDataResponse.swift */; };
		2AA9EACA284D3DA50025A259 /* AppDelegate.swift in Sources */ = {isa = PBXBuildFile; fileRef = 2AA9EAC9284D3DA50025A259 /* AppDelegate.swift */; };
		2AA9EACC284D3DA50025A259 /* SceneDelegate.swift in Sources */ = {isa = PBXBuildFile; fileRef = 2AA9EACB284D3DA50025A259 /* SceneDelegate.swift */; };
		2AA9EACE284D3DA50025A259 /* LoginViewController.swift in Sources */ = {isa = PBXBuildFile; fileRef = 2AA9EACD284D3DA50025A259 /* LoginViewController.swift */; };
		2AA9EAD1284D3DA50025A259 /* Main.storyboard in Resources */ = {isa = PBXBuildFile; fileRef = 2AA9EACF284D3DA50025A259 /* Main.storyboard */; };
		2AA9EAD3284D3DA60025A259 /* Assets.xcassets in Resources */ = {isa = PBXBuildFile; fileRef = 2AA9EAD2284D3DA60025A259 /* Assets.xcassets */; };
		2AA9EAD6284D3DA60025A259 /* LaunchScreen.storyboard in Resources */ = {isa = PBXBuildFile; fileRef = 2AA9EAD4284D3DA60025A259 /* LaunchScreen.storyboard */; };
		2AA9EAE1284DAEE60025A259 /* LoginRequest.swift in Sources */ = {isa = PBXBuildFile; fileRef = 2AA9EAE0284DAEE60025A259 /* LoginRequest.swift */; };
		2AA9EAE3284DB0820025A259 /* LoginResponse.swift in Sources */ = {isa = PBXBuildFile; fileRef = 2AA9EAE2284DB0820025A259 /* LoginResponse.swift */; };
		2AA9EAE5284DB1D50025A259 /* APIClient.swift in Sources */ = {isa = PBXBuildFile; fileRef = 2AA9EAE4284DB1D50025A259 /* APIClient.swift */; };
		2AAC8FA7284EB845008E30A6 /* StudentInformationResponse.swift in Sources */ = {isa = PBXBuildFile; fileRef = 2AAC8FA6284EB845008E30A6 /* StudentInformationResponse.swift */; };
		2AAC8FA9284EBE9E008E30A6 /* TableViewController.swift in Sources */ = {isa = PBXBuildFile; fileRef = 2AAC8FA8284EBE9E008E30A6 /* TableViewController.swift */; };
		2AAC8FAB28504450008E30A6 /* StudentInformationModel.swift in Sources */ = {isa = PBXBuildFile; fileRef = 2AAC8FAA28504450008E30A6 /* StudentInformationModel.swift */; };
/* End PBXBuildFile section */

/* Begin PBXFileReference section */
		2A7A372F285193BB0099E945 /* MapViewController.swift */ = {isa = PBXFileReference; lastKnownFileType = sourcecode.swift; path = MapViewController.swift; sourceTree = "<group>"; };
		2A7CF7FE28569E35004AC761 /* AddPinViewController.swift */ = {isa = PBXFileReference; lastKnownFileType = sourcecode.swift; path = AddPinViewController.swift; sourceTree = "<group>"; };
		2A7CF80028582952004AC761 /* ConfirmViewController.swift */ = {isa = PBXFileReference; lastKnownFileType = sourcecode.swift; path = ConfirmViewController.swift; sourceTree = "<group>"; };
		2A7CF80428593BE7004AC761 /* PostStudentLocationResponse.swift */ = {isa = PBXFileReference; lastKnownFileType = sourcecode.swift; path = PostStudentLocationResponse.swift; sourceTree = "<group>"; };
		2A7CF80628593D96004AC761 /* PostStudentLocationRequest.swift */ = {isa = PBXFileReference; lastKnownFileType = sourcecode.swift; path = PostStudentLocationRequest.swift; sourceTree = "<group>"; };
		2A7CF80828594633004AC761 /* UserDataResponse.swift */ = {isa = PBXFileReference; lastKnownFileType = sourcecode.swift; path = UserDataResponse.swift; sourceTree = "<group>"; };
		2AA9EAC6284D3DA50025A259 /* On The Map.app */ = {isa = PBXFileReference; explicitFileType = wrapper.application; includeInIndex = 0; path = "On The Map.app"; sourceTree = BUILT_PRODUCTS_DIR; };
		2AA9EAC9284D3DA50025A259 /* AppDelegate.swift */ = {isa = PBXFileReference; lastKnownFileType = sourcecode.swift; path = AppDelegate.swift; sourceTree = "<group>"; };
		2AA9EACB284D3DA50025A259 /* SceneDelegate.swift */ = {isa = PBXFileReference; lastKnownFileType = sourcecode.swift; path = SceneDelegate.swift; sourceTree = "<group>"; };
		2AA9EACD284D3DA50025A259 /* LoginViewController.swift */ = {isa = PBXFileReference; lastKnownFileType = sourcecode.swift; path = LoginViewController.swift; sourceTree = "<group>"; };
		2AA9EAD0284D3DA50025A259 /* Base */ = {isa = PBXFileReference; lastKnownFileType = file.storyboard; name = Base; path = Base.lproj/Main.storyboard; sourceTree = "<group>"; };
		2AA9EAD2284D3DA60025A259 /* Assets.xcassets */ = {isa = PBXFileReference; lastKnownFileType = folder.assetcatalog; path = Assets.xcassets; sourceTree = "<group>"; };
		2AA9EAD5284D3DA60025A259 /* Base */ = {isa = PBXFileReference; lastKnownFileType = file.storyboard; name = Base; path = Base.lproj/LaunchScreen.storyboard; sourceTree = "<group>"; };
		2AA9EAD7284D3DA60025A259 /* Info.plist */ = {isa = PBXFileReference; lastKnownFileType = text.plist.xml; path = Info.plist; sourceTree = "<group>"; };
		2AA9EAE0284DAEE60025A259 /* LoginRequest.swift */ = {isa = PBXFileReference; lastKnownFileType = sourcecode.swift; path = LoginRequest.swift; sourceTree = "<group>"; };
		2AA9EAE2284DB0820025A259 /* LoginResponse.swift */ = {isa = PBXFileReference; lastKnownFileType = sourcecode.swift; path = LoginResponse.swift; sourceTree = "<group>"; };
		2AA9EAE4284DB1D50025A259 /* APIClient.swift */ = {isa = PBXFileReference; lastKnownFileType = sourcecode.swift; path = APIClient.swift; sourceTree = "<group>"; };
		2AAC8FA6284EB845008E30A6 /* StudentInformationResponse.swift */ = {isa = PBXFileReference; lastKnownFileType = sourcecode.swift; path = StudentInformationResponse.swift; sourceTree = "<group>"; };
		2AAC8FA8284EBE9E008E30A6 /* TableViewController.swift */ = {isa = PBXFileReference; lastKnownFileType = sourcecode.swift; path = TableViewController.swift; sourceTree = "<group>"; };
		2AAC8FAA28504450008E30A6 /* StudentInformationModel.swift */ = {isa = PBXFileReference; lastKnownFileType = sourcecode.swift; path = StudentInformationModel.swift; sourceTree = "<group>"; };
/* End PBXFileReference section */

/* Begin PBXFrameworksBuildPhase section */
		2AA9EAC3284D3DA50025A259 /* Frameworks */ = {
			isa = PBXFrameworksBuildPhase;
			buildActionMask = 2147483647;
			files = (
			);
			runOnlyForDeploymentPostprocessing = 0;
		};
/* End PBXFrameworksBuildPhase section */

/* Begin PBXGroup section */
		2AA9EABD284D3DA50025A259 = {
			isa = PBXGroup;
			children = (
				2AA9EAC8284D3DA50025A259 /* On The Map */,
				2AA9EAC7284D3DA50025A259 /* Products */,
			);
			sourceTree = "<group>";
		};
		2AA9EAC7284D3DA50025A259 /* Products */ = {
			isa = PBXGroup;
			children = (
				2AA9EAC6284D3DA50025A259 /* On The Map.app */,
			);
			name = Products;
			sourceTree = "<group>";
		};
		2AA9EAC8284D3DA50025A259 /* On The Map */ = {
			isa = PBXGroup;
			children = (
				2AA9EADF284D411D0025A259 /* Controller */,
				2AA9EADE284D41150025A259 /* View */,
				2AA9EADD284D410D0025A259 /* Model */,
				2AA9EAC9284D3DA50025A259 /* AppDelegate.swift */,
				2AA9EACB284D3DA50025A259 /* SceneDelegate.swift */,
				2AA9EACF284D3DA50025A259 /* Main.storyboard */,
				2AA9EAD2284D3DA60025A259 /* Assets.xcassets */,
				2AA9EAD4284D3DA60025A259 /* LaunchScreen.storyboard */,
				2AA9EAD7284D3DA60025A259 /* Info.plist */,
			);
			path = "On The Map";
			sourceTree = "<group>";
		};
		2AA9EADD284D410D0025A259 /* Model */ = {
			isa = PBXGroup;
			children = (
				2AA9EAE0284DAEE60025A259 /* LoginRequest.swift */,
				2AA9EAE2284DB0820025A259 /* LoginResponse.swift */,
				2AA9EAE4284DB1D50025A259 /* APIClient.swift */,
				2AAC8FA6284EB845008E30A6 /* StudentInformationResponse.swift */,
				2AAC8FAA28504450008E30A6 /* StudentInformationModel.swift */,
				2A7CF80428593BE7004AC761 /* PostStudentLocationResponse.swift */,
				2A7CF80628593D96004AC761 /* PostStudentLocationRequest.swift */,
				2A7CF80828594633004AC761 /* UserDataResponse.swift */,
			);
			path = Model;
			sourceTree = "<group>";
		};
		2AA9EADE284D41150025A259 /* View */ = {
			isa = PBXGroup;
			children = (
			);
			path = View;
			sourceTree = "<group>";
		};
		2AA9EADF284D411D0025A259 /* Controller */ = {
			isa = PBXGroup;
			children = (
				2AAC8FA8284EBE9E008E30A6 /* TableViewController.swift */,
				2A7A372F285193BB0099E945 /* MapViewController.swift */,
				2A7CF7FE28569E35004AC761 /* AddPinViewController.swift */,
				2A7CF80028582952004AC761 /* ConfirmViewController.swift */,
				2AA9EACD284D3DA50025A259 /* LoginViewController.swift */,
			);
			path = Controller;
			sourceTree = "<group>";
		};
/* End PBXGroup section */

/* Begin PBXNativeTarget section */
		2AA9EAC5284D3DA50025A259 /* On The Map */ = {
			isa = PBXNativeTarget;
			buildConfigurationList = 2AA9EADA284D3DA60025A259 /* Build configuration list for PBXNativeTarget "On The Map" */;
			buildPhases = (
				2AA9EAC2284D3DA50025A259 /* Sources */,
				2AA9EAC3284D3DA50025A259 /* Frameworks */,
				2AA9EAC4284D3DA50025A259 /* Resources */,
			);
			buildRules = (
			);
			dependencies = (
			);
			name = "On The Map";
			productName = "On The Map";
			productReference = 2AA9EAC6284D3DA50025A259 /* On The Map.app */;
			productType = "com.apple.product-type.application";
		};
/* End PBXNativeTarget section */

/* Begin PBXProject section */
		2AA9EABE284D3DA50025A259 /* Project object */ = {
			isa = PBXProject;
			attributes = {
				BuildIndependentTargetsInParallel = 1;
				LastSwiftUpdateCheck = 1310;
				LastUpgradeCheck = 1310;
				TargetAttributes = {
					2AA9EAC5284D3DA50025A259 = {
						CreatedOnToolsVersion = 13.1;
					};
				};
			};
			buildConfigurationList = 2AA9EAC1284D3DA50025A259 /* Build configuration list for PBXProject "On The Map" */;
			compatibilityVersion = "Xcode 13.0";
			developmentRegion = en;
			hasScannedForEncodings = 0;
			knownRegions = (
				en,
				Base,
			);
			mainGroup = 2AA9EABD284D3DA50025A259;
			productRefGroup = 2AA9EAC7284D3DA50025A259 /* Products */;
			projectDirPath = "";
			projectRoot = "";
			targets = (
				2AA9EAC5284D3DA50025A259 /* On The Map */,
			);
		};
/* End PBXProject section */

/* Begin PBXResourcesBuildPhase section */
		2AA9EAC4284D3DA50025A259 /* Resources */ = {
			isa = PBXResourcesBuildPhase;
			buildActionMask = 2147483647;
			files = (
				2AA9EAD6284D3DA60025A259 /* LaunchScreen.storyboard in Resources */,
				2AA9EAD3284D3DA60025A259 /* Assets.xcassets in Resources */,
				2AA9EAD1284D3DA50025A259 /* Main.storyboard in Resources */,
			);
			runOnlyForDeploymentPostprocessing = 0;
		};
/* End PBXResourcesBuildPhase section */

/* Begin PBXSourcesBuildPhase section */
		2AA9EAC2284D3DA50025A259 /* Sources */ = {
			isa = PBXSourcesBuildPhase;
			buildActionMask = 2147483647;
			files = (
				2A7CF80728593D96004AC761 /* PostStudentLocationRequest.swift in Sources */,
				2AA9EACE284D3DA50025A259 /* LoginViewController.swift in Sources */,
				2A7CF7FF28569E35004AC761 /* AddPinViewController.swift in Sources */,
				2AA9EACA284D3DA50025A259 /* AppDelegate.swift in Sources */,
				2A7CF80128582952004AC761 /* ConfirmViewController.swift in Sources */,
				2AA9EACC284D3DA50025A259 /* SceneDelegate.swift in Sources */,
				2A7CF80528593BE7004AC761 /* PostStudentLocationResponse.swift in Sources */,
				2A7A3730285193BB0099E945 /* MapViewController.swift in Sources */,
				2AAC8FA9284EBE9E008E30A6 /* TableViewController.swift in Sources */,
				2AAC8FAB28504450008E30A6 /* StudentInformationModel.swift in Sources */,
				2AAC8FA7284EB845008E30A6 /* StudentInformationResponse.swift in Sources */,
				2AA9EAE1284DAEE60025A259 /* LoginRequest.swift in Sources */,
				2A7CF80928594633004AC761 /* UserDataResponse.swift in Sources */,
				2AA9EAE3284DB0820025A259 /* LoginResponse.swift in Sources */,
				2AA9EAE5284DB1D50025A259 /* APIClient.swift in Sources */,
			);
			runOnlyForDeploymentPostprocessing = 0;
		};
/* End PBXSourcesBuildPhase section */

/* Begin PBXVariantGroup section */
		2AA9EACF284D3DA50025A259 /* Main.storyboard */ = {
			isa = PBXVariantGroup;
			children = (
				2AA9EAD0284D3DA50025A259 /* Base */,
			);
			name = Main.storyboard;
			sourceTree = "<group>";
		};
		2AA9EAD4284D3DA60025A259 /* LaunchScreen.storyboard */ = {
			isa = PBXVariantGroup;
			children = (
				2AA9EAD5284D3DA60025A259 /* Base */,
			);
			name = LaunchScreen.storyboard;
			sourceTree = "<group>";
		};
/* End PBXVariantGroup section */

/* Begin XCBuildConfiguration section */
		2AA9EAD8284D3DA60025A259 /* Debug */ = {
			isa = XCBuildConfiguration;
			buildSettings = {
				ALWAYS_SEARCH_USER_PATHS = NO;
				CLANG_ANALYZER_NONNULL = YES;
				CLANG_ANALYZER_NUMBER_OBJECT_CONVERSION = YES_AGGRESSIVE;
				CLANG_CXX_LANGUAGE_STANDARD = "gnu++17";
				CLANG_CXX_LIBRARY = "libc++";
				CLANG_ENABLE_MODULES = YES;
				CLANG_ENABLE_OBJC_ARC = YES;
				CLANG_ENABLE_OBJC_WEAK = YES;
				CLANG_WARN_BLOCK_CAPTURE_AUTORELEASING = YES;
				CLANG_WARN_BOOL_CONVERSION = YES;
				CLANG_WARN_COMMA = YES;
				CLANG_WARN_CONSTANT_CONVERSION = YES;
				CLANG_WARN_DEPRECATED_OBJC_IMPLEMENTATIONS = YES;
				CLANG_WARN_DIRECT_OBJC_ISA_USAGE = YES_ERROR;
				CLANG_WARN_DOCUMENTATION_COMMENTS = YES;
				CLANG_WARN_EMPTY_BODY = YES;
				CLANG_WARN_ENUM_CONVERSION = YES;
				CLANG_WARN_INFINITE_RECURSION = YES;
				CLANG_WARN_INT_CONVERSION = YES;
				CLANG_WARN_NON_LITERAL_NULL_CONVERSION = YES;
				CLANG_WARN_OBJC_IMPLICIT_RETAIN_SELF = YES;
				CLANG_WARN_OBJC_LITERAL_CONVERSION = YES;
				CLANG_WARN_OBJC_ROOT_CLASS = YES_ERROR;
				CLANG_WARN_QUOTED_INCLUDE_IN_FRAMEWORK_HEADER = YES;
				CLANG_WARN_RANGE_LOOP_ANALYSIS = YES;
				CLANG_WARN_STRICT_PROTOTYPES = YES;
				CLANG_WARN_SUSPICIOUS_MOVE = YES;
				CLANG_WARN_UNGUARDED_AVAILABILITY = YES_AGGRESSIVE;
				CLANG_WARN_UNREACHABLE_CODE = YES;
				CLANG_WARN__DUPLICATE_METHOD_MATCH = YES;
				COPY_PHASE_STRIP = NO;
				DEBUG_INFORMATION_FORMAT = dwarf;
				ENABLE_STRICT_OBJC_MSGSEND = YES;
				ENABLE_TESTABILITY = YES;
				GCC_C_LANGUAGE_STANDARD = gnu11;
				GCC_DYNAMIC_NO_PIC = NO;
				GCC_NO_COMMON_BLOCKS = YES;
				GCC_OPTIMIZATION_LEVEL = 0;
				GCC_PREPROCESSOR_DEFINITIONS = (
					"DEBUG=1",
					"$(inherited)",
				);
				GCC_WARN_64_TO_32_BIT_CONVERSION = YES;
				GCC_WARN_ABOUT_RETURN_TYPE = YES_ERROR;
				GCC_WARN_UNDECLARED_SELECTOR = YES;
				GCC_WARN_UNINITIALIZED_AUTOS = YES_AGGRESSIVE;
				GCC_WARN_UNUSED_FUNCTION = YES;
				GCC_WARN_UNUSED_VARIABLE = YES;
				IPHONEOS_DEPLOYMENT_TARGET = 15.0;
				MTL_ENABLE_DEBUG_INFO = INCLUDE_SOURCE;
				MTL_FAST_MATH = YES;
				ONLY_ACTIVE_ARCH = YES;
				SDKROOT = iphoneos;
				SWIFT_ACTIVE_COMPILATION_CONDITIONS = DEBUG;
				SWIFT_OPTIMIZATION_LEVEL = "-Onone";
			};
			name = Debug;
		};
		2AA9EAD9284D3DA60025A259 /* Release */ = {
			isa = XCBuildConfiguration;
			buildSettings = {
				ALWAYS_SEARCH_USER_PATHS = NO;
				CLANG_ANALYZER_NONNULL = YES;
				CLANG_ANALYZER_NUMBER_OBJECT_CONVERSION = YES_AGGRESSIVE;
				CLANG_CXX_LANGUAGE_STANDARD = "gnu++17";
				CLANG_CXX_LIBRARY = "libc++";
				CLANG_ENABLE_MODULES = YES;
				CLANG_ENABLE_OBJC_ARC = YES;
				CLANG_ENABLE_OBJC_WEAK = YES;
				CLANG_WARN_BLOCK_CAPTURE_AUTORELEASING = YES;
				CLANG_WARN_BOOL_CONVERSION = YES;
				CLANG_WARN_COMMA = YES;
				CLANG_WARN_CONSTANT_CONVERSION = YES;
				CLANG_WARN_DEPRECATED_OBJC_IMPLEMENTATIONS = YES;
				CLANG_WARN_DIRECT_OBJC_ISA_USAGE = YES_ERROR;
				CLANG_WARN_DOCUMENTATION_COMMENTS = YES;
				CLANG_WARN_EMPTY_BODY = YES;
				CLANG_WARN_ENUM_CONVERSION = YES;
				CLANG_WARN_INFINITE_RECURSION = YES;
				CLANG_WARN_INT_CONVERSION = YES;
				CLANG_WARN_NON_LITERAL_NULL_CONVERSION = YES;
				CLANG_WARN_OBJC_IMPLICIT_RETAIN_SELF = YES;
				CLANG_WARN_OBJC_LITERAL_CONVERSION = YES;
				CLANG_WARN_OBJC_ROOT_CLASS = YES_ERROR;
				CLANG_WARN_QUOTED_INCLUDE_IN_FRAMEWORK_HEADER = YES;
				CLANG_WARN_RANGE_LOOP_ANALYSIS = YES;
				CLANG_WARN_STRICT_PROTOTYPES = YES;
				CLANG_WARN_SUSPICIOUS_MOVE = YES;
				CLANG_WARN_UNGUARDED_AVAILABILITY = YES_AGGRESSIVE;
				CLANG_WARN_UNREACHABLE_CODE = YES;
				CLANG_WARN__DUPLICATE_METHOD_MATCH = YES;
				COPY_PHASE_STRIP = NO;
				DEBUG_INFORMATION_FORMAT = "dwarf-with-dsym";
				ENABLE_NS_ASSERTIONS = NO;
				ENABLE_STRICT_OBJC_MSGSEND = YES;
				GCC_C_LANGUAGE_STANDARD = gnu11;
				GCC_NO_COMMON_BLOCKS = YES;
				GCC_WARN_64_TO_32_BIT_CONVERSION = YES;
				GCC_WARN_ABOUT_RETURN_TYPE = YES_ERROR;
				GCC_WARN_UNDECLARED_SELECTOR = YES;
				GCC_WARN_UNINITIALIZED_AUTOS = YES_AGGRESSIVE;
				GCC_WARN_UNUSED_FUNCTION = YES;
				GCC_WARN_UNUSED_VARIABLE = YES;
				IPHONEOS_DEPLOYMENT_TARGET = 15.0;
				MTL_ENABLE_DEBUG_INFO = NO;
				MTL_FAST_MATH = YES;
				SDKROOT = iphoneos;
				SWIFT_COMPILATION_MODE = wholemodule;
				SWIFT_OPTIMIZATION_LEVEL = "-O";
				VALIDATE_PRODUCT = YES;
			};
			name = Release;
		};
		2AA9EADB284D3DA60025A259 /* Debug */ = {
			isa = XCBuildConfiguration;
			buildSettings = {
				ASSETCATALOG_COMPILER_APPICON_NAME = AppIcon;
				ASSETCATALOG_COMPILER_GLOBAL_ACCENT_COLOR_NAME = AccentColor;
				CODE_SIGN_STYLE = Automatic;
				CURRENT_PROJECT_VERSION = 1;
				DEVELOPMENT_TEAM = S7ZYXJYS35;
				GENERATE_INFOPLIST_FILE = YES;
				INFOPLIST_FILE = "On The Map/Info.plist";
				INFOPLIST_KEY_UIApplicationSupportsIndirectInputEvents = YES;
				INFOPLIST_KEY_UILaunchStoryboardName = LaunchScreen;
				INFOPLIST_KEY_UIMainStoryboardFile = Main;
				INFOPLIST_KEY_UISupportedInterfaceOrientations_iPad = "UIInterfaceOrientationPortrait UIInterfaceOrientationPortraitUpsideDown UIInterfaceOrientationLandscapeLeft UIInterfaceOrientationLandscapeRight";
				INFOPLIST_KEY_UISupportedInterfaceOrientations_iPhone = "UIInterfaceOrientationPortrait UIInterfaceOrientationLandscapeLeft UIInterfaceOrientationLandscapeRight";
				LD_RUNPATH_SEARCH_PATHS = (
					"$(inherited)",
					"@executable_path/Frameworks",
				);
				MARKETING_VERSION = 1.0;
				PRODUCT_BUNDLE_IDENTIFIER = "iOSCourse.On-The-Map";
				PRODUCT_NAME = "$(TARGET_NAME)";
				SWIFT_EMIT_LOC_STRINGS = YES;
				SWIFT_VERSION = 5.0;
				TARGETED_DEVICE_FAMILY = "1,2";
			};
			name = Debug;
		};
		2AA9EADC284D3DA60025A259 /* Release */ = {
			isa = XCBuildConfiguration;
			buildSettings = {
				ASSETCATALOG_COMPILER_APPICON_NAME = AppIcon;
				ASSETCATALOG_COMPILER_GLOBAL_ACCENT_COLOR_NAME = AccentColor;
				CODE_SIGN_STYLE = Automatic;
				CURRENT_PROJECT_VERSION = 1;
				DEVELOPMENT_TEAM = S7ZYXJYS35;
				GENERATE_INFOPLIST_FILE = YES;
				INFOPLIST_FILE = "On The Map/Info.plist";
				INFOPLIST_KEY_UIApplicationSupportsIndirectInputEvents = YES;
				INFOPLIST_KEY_UILaunchStoryboardName = LaunchScreen;
				INFOPLIST_KEY_UIMainStoryboardFile = Main;
				INFOPLIST_KEY_UISupportedInterfaceOrientations_iPad = "UIInterfaceOrientationPortrait UIInterfaceOrientationPortraitUpsideDown UIInterfaceOrientationLandscapeLeft UIInterfaceOrientationLandscapeRight";
				INFOPLIST_KEY_UISupportedInterfaceOrientations_iPhone = "UIInterfaceOrientationPortrait UIInterfaceOrientationLandscapeLeft UIInterfaceOrientationLandscapeRight";
				LD_RUNPATH_SEARCH_PATHS = (
					"$(inherited)",
					"@executable_path/Frameworks",
				);
				MARKETING_VERSION = 1.0;
				PRODUCT_BUNDLE_IDENTIFIER = "iOSCourse.On-The-Map";
				PRODUCT_NAME = "$(TARGET_NAME)";
				SWIFT_EMIT_LOC_STRINGS = YES;
				SWIFT_VERSION = 5.0;
				TARGETED_DEVICE_FAMILY = "1,2";
			};
			name = Release;
		};
/* End XCBuildConfiguration section */

/* Begin XCConfigurationList section */
		2AA9EAC1284D3DA50025A259 /* Build configuration list for PBXProject "On The Map" */ = {
			isa = XCConfigurationList;
			buildConfigurations = (
				2AA9EAD8284D3DA60025A259 /* Debug */,
				2AA9EAD9284D3DA60025A259 /* Release */,
			);
			defaultConfigurationIsVisible = 0;
			defaultConfigurationName = Release;
		};
		2AA9EADA284D3DA60025A259 /* Build configuration list for PBXNativeTarget "On The Map" */ = {
			isa = XCConfigurationList;
			buildConfigurations = (
				2AA9EADB284D3DA60025A259 /* Debug */,
				2AA9EADC284D3DA60025A259 /* Release */,
			);
			defaultConfigurationIsVisible = 0;
			defaultConfigurationName = Release;
		};
/* End XCConfigurationList section */
	};
	rootObject = 2AA9EABE284D3DA50025A259 /* Project object */;
}
